// !$*UTF8*$!
{
	archiveVersion = 1;
	classes = {
	};
	objectVersion = 46;
	objects = {

/* Begin PBXBuildFile section */
		A72EFA5A1F0F67DB0049A92F /* AppDelegate.swift in Sources */ = {isa = PBXBuildFile; fileRef = A72EFA591F0F67DB0049A92F /* AppDelegate.swift */; };
		A72EFA5C1F0F67DB0049A92F /* ViewController.swift in Sources */ = {isa = PBXBuildFile; fileRef = A72EFA5B1F0F67DB0049A92F /* ViewController.swift */; };
		A72EFA5F1F0F67DB0049A92F /* Main.storyboard in Resources */ = {isa = PBXBuildFile; fileRef = A72EFA5D1F0F67DB0049A92F /* Main.storyboard */; };
		A72EFA611F0F67DB0049A92F /* Assets.xcassets in Resources */ = {isa = PBXBuildFile; fileRef = A72EFA601F0F67DB0049A92F /* Assets.xcassets */; };
		A72EFA641F0F67DB0049A92F /* LaunchScreen.storyboard in Resources */ = {isa = PBXBuildFile; fileRef = A72EFA621F0F67DB0049A92F /* LaunchScreen.storyboard */; };
		A72EFA6F1F0F67DC0049A92F /* OmikujiTests.swift in Sources */ = {isa = PBXBuildFile; fileRef = A72EFA6E1F0F67DC0049A92F /* OmikujiTests.swift */; };
		A72EFA7A1F0F67DC0049A92F /* OmikujiUITests.swift in Sources */ = {isa = PBXBuildFile; fileRef = A72EFA791F0F67DC0049A92F /* OmikujiUITests.swift */; };
		CE54E5A81F0F79450096A507 /* README.md in Resources */ = {isa = PBXBuildFile; fileRef = CE54E5A71F0F79450096A507 /* README.md */; };
/* End PBXBuildFile section */

/* Begin PBXContainerItemProxy section */
		A72EFA6B1F0F67DC0049A92F /* PBXContainerItemProxy */ = {
			isa = PBXContainerItemProxy;
			containerPortal = A72EFA4E1F0F67DB0049A92F /* Project object */;
			proxyType = 1;
			remoteGlobalIDString = A72EFA551F0F67DB0049A92F;
			remoteInfo = Omikuji;
		};
		A72EFA761F0F67DC0049A92F /* PBXContainerItemProxy */ = {
			isa = PBXContainerItemProxy;
			containerPortal = A72EFA4E1F0F67DB0049A92F /* Project object */;
			proxyType = 1;
			remoteGlobalIDString = A72EFA551F0F67DB0049A92F;
			remoteInfo = Omikuji;
		};
/* End PBXContainerItemProxy section */

/* Begin PBXFileReference section */
		A72EFA561F0F67DB0049A92F /* Omikuji.app */ = {isa = PBXFileReference; explicitFileType = wrapper.application; includeInIndex = 0; path = Omikuji.app; sourceTree = BUILT_PRODUCTS_DIR; };
		A72EFA591F0F67DB0049A92F /* AppDelegate.swift */ = {isa = PBXFileReference; lastKnownFileType = sourcecode.swift; path = AppDelegate.swift; sourceTree = "<group>"; };
		A72EFA5B1F0F67DB0049A92F /* ViewController.swift */ = {isa = PBXFileReference; lastKnownFileType = sourcecode.swift; path = ViewController.swift; sourceTree = "<group>"; };
		A72EFA5E1F0F67DB0049A92F /* Base */ = {isa = PBXFileReference; lastKnownFileType = file.storyboard; name = Base; path = Base.lproj/Main.storyboard; sourceTree = "<group>"; };
		A72EFA601F0F67DB0049A92F /* Assets.xcassets */ = {isa = PBXFileReference; lastKnownFileType = folder.assetcatalog; path = Assets.xcassets; sourceTree = "<group>"; };
		A72EFA631F0F67DB0049A92F /* Base */ = {isa = PBXFileReference; lastKnownFileType = file.storyboard; name = Base; path = Base.lproj/LaunchScreen.storyboard; sourceTree = "<group>"; };
		A72EFA651F0F67DB0049A92F /* Info.plist */ = {isa = PBXFileReference; lastKnownFileType = text.plist.xml; path = Info.plist; sourceTree = "<group>"; };
		A72EFA6A1F0F67DC0049A92F /* OmikujiTests.xctest */ = {isa = PBXFileReference; explicitFileType = wrapper.cfbundle; includeInIndex = 0; path = OmikujiTests.xctest; sourceTree = BUILT_PRODUCTS_DIR; };
		A72EFA6E1F0F67DC0049A92F /* OmikujiTests.swift */ = {isa = PBXFileReference; lastKnownFileType = sourcecode.swift; path = OmikujiTests.swift; sourceTree = "<group>"; };
		A72EFA701F0F67DC0049A92F /* Info.plist */ = {isa = PBXFileReference; lastKnownFileType = text.plist.xml; path = Info.plist; sourceTree = "<group>"; };
		A72EFA751F0F67DC0049A92F /* OmikujiUITests.xctest */ = {isa = PBXFileReference; explicitFileType = wrapper.cfbundle; includeInIndex = 0; path = OmikujiUITests.xctest; sourceTree = BUILT_PRODUCTS_DIR; };
		A72EFA791F0F67DC0049A92F /* OmikujiUITests.swift */ = {isa = PBXFileReference; lastKnownFileType = sourcecode.swift; path = OmikujiUITests.swift; sourceTree = "<group>"; };
		A72EFA7B1F0F67DC0049A92F /* Info.plist */ = {isa = PBXFileReference; lastKnownFileType = text.plist.xml; path = Info.plist; sourceTree = "<group>"; };
		CE54E5A71F0F79450096A507 /* README.md */ = {isa = PBXFileReference; fileEncoding = 4; lastKnownFileType = net.daringfireball.markdown; path = README.md; sourceTree = "<group>"; };
/* End PBXFileReference section */

/* Begin PBXFrameworksBuildPhase section */
		A72EFA531F0F67DB0049A92F /* Frameworks */ = {
			isa = PBXFrameworksBuildPhase;
			buildActionMask = 2147483647;
			files = (
			);
			runOnlyForDeploymentPostprocessing = 0;
		};
		A72EFA671F0F67DC0049A92F /* Frameworks */ = {
			isa = PBXFrameworksBuildPhase;
			buildActionMask = 2147483647;
			files = (
			);
			runOnlyForDeploymentPostprocessing = 0;
		};
		A72EFA721F0F67DC0049A92F /* Frameworks */ = {
			isa = PBXFrameworksBuildPhase;
			buildActionMask = 2147483647;
			files = (
			);
			runOnlyForDeploymentPostprocessing = 0;
		};
/* End PBXFrameworksBuildPhase section */

/* Begin PBXGroup section */
		A72EFA4D1F0F67DB0049A92F = {
			isa = PBXGroup;
			children = (
				CE54E5A71F0F79450096A507 /* README.md */,
				A72EFA581F0F67DB0049A92F /* Omikuji */,
				A72EFA6D1F0F67DC0049A92F /* OmikujiTests */,
				A72EFA781F0F67DC0049A92F /* OmikujiUITests */,
				A72EFA571F0F67DB0049A92F /* Products */,
			);
			sourceTree = "<group>";
		};
		A72EFA571F0F67DB0049A92F /* Products */ = {
			isa = PBXGroup;
			children = (
				A72EFA561F0F67DB0049A92F /* Omikuji.app */,
				A72EFA6A1F0F67DC0049A92F /* OmikujiTests.xctest */,
				A72EFA751F0F67DC0049A92F /* OmikujiUITests.xctest */,
			);
			name = Products;
			sourceTree = "<group>";
		};
		A72EFA581F0F67DB0049A92F /* Omikuji */ = {
			isa = PBXGroup;
			children = (
				A72EFA591F0F67DB0049A92F /* AppDelegate.swift */,
				A72EFA5B1F0F67DB0049A92F /* ViewController.swift */,
				A72EFA5D1F0F67DB0049A92F /* Main.storyboard */,
				A72EFA601F0F67DB0049A92F /* Assets.xcassets */,
				A72EFA621F0F67DB0049A92F /* LaunchScreen.storyboard */,
				A72EFA651F0F67DB0049A92F /* Info.plist */,
			);
			path = Omikuji;
			sourceTree = "<group>";
		};
		A72EFA6D1F0F67DC0049A92F /* OmikujiTests */ = {
			isa = PBXGroup;
			children = (
				A72EFA6E1F0F67DC0049A92F /* OmikujiTests.swift */,
				A72EFA701F0F67DC0049A92F /* Info.plist */,
			);
			path = OmikujiTests;
			sourceTree = "<group>";
		};
		A72EFA781F0F67DC0049A92F /* OmikujiUITests */ = {
			isa = PBXGroup;
			children = (
				A72EFA791F0F67DC0049A92F /* OmikujiUITests.swift */,
				A72EFA7B1F0F67DC0049A92F /* Info.plist */,
			);
			path = OmikujiUITests;
			sourceTree = "<group>";
		};
/* End PBXGroup section */

/* Begin PBXNativeTarget section */
		A72EFA551F0F67DB0049A92F /* Omikuji */ = {
			isa = PBXNativeTarget;
			buildConfigurationList = A72EFA7E1F0F67DC0049A92F /* Build configuration list for PBXNativeTarget "Omikuji" */;
			buildPhases = (
				A72EFA521F0F67DB0049A92F /* Sources */,
				A72EFA531F0F67DB0049A92F /* Frameworks */,
				A72EFA541F0F67DB0049A92F /* Resources */,
			);
			buildRules = (
			);
			dependencies = (
			);
			name = Omikuji;
			productName = Omikuji;
			productReference = A72EFA561F0F67DB0049A92F /* Omikuji.app */;
			productType = "com.apple.product-type.application";
		};
		A72EFA691F0F67DC0049A92F /* OmikujiTests */ = {
			isa = PBXNativeTarget;
			buildConfigurationList = A72EFA811F0F67DC0049A92F /* Build configuration list for PBXNativeTarget "OmikujiTests" */;
			buildPhases = (
				A72EFA661F0F67DC0049A92F /* Sources */,
				A72EFA671F0F67DC0049A92F /* Frameworks */,
				A72EFA681F0F67DC0049A92F /* Resources */,
			);
			buildRules = (
			);
			dependencies = (
				A72EFA6C1F0F67DC0049A92F /* PBXTargetDependency */,
			);
			name = OmikujiTests;
			productName = OmikujiTests;
			productReference = A72EFA6A1F0F67DC0049A92F /* OmikujiTests.xctest */;
			productType = "com.apple.product-type.bundle.unit-test";
		};
		A72EFA741F0F67DC0049A92F /* OmikujiUITests */ = {
			isa = PBXNativeTarget;
			buildConfigurationList = A72EFA841F0F67DC0049A92F /* Build configuration list for PBXNativeTarget "OmikujiUITests" */;
			buildPhases = (
				A72EFA711F0F67DC0049A92F /* Sources */,
				A72EFA721F0F67DC0049A92F /* Frameworks */,
				A72EFA731F0F67DC0049A92F /* Resources */,
			);
			buildRules = (
			);
			dependencies = (
				A72EFA771F0F67DC0049A92F /* PBXTargetDependency */,
			);
			name = OmikujiUITests;
			productName = OmikujiUITests;
			productReference = A72EFA751F0F67DC0049A92F /* OmikujiUITests.xctest */;
			productType = "com.apple.product-type.bundle.ui-testing";
		};
/* End PBXNativeTarget section */

/* Begin PBXProject section */
		A72EFA4E1F0F67DB0049A92F /* Project object */ = {
			isa = PBXProject;
			attributes = {
				LastSwiftUpdateCheck = 0810;
				LastUpgradeCheck = 0810;
				ORGANIZATIONNAME = "共有";
				TargetAttributes = {
					A72EFA551F0F67DB0049A92F = {
						CreatedOnToolsVersion = 8.1;
						ProvisioningStyle = Automatic;
					};
					A72EFA691F0F67DC0049A92F = {
						CreatedOnToolsVersion = 8.1;
						ProvisioningStyle = Automatic;
						TestTargetID = A72EFA551F0F67DB0049A92F;
					};
					A72EFA741F0F67DC0049A92F = {
						CreatedOnToolsVersion = 8.1;
						ProvisioningStyle = Automatic;
						TestTargetID = A72EFA551F0F67DB0049A92F;
					};
				};
			};
			buildConfigurationList = A72EFA511F0F67DB0049A92F /* Build configuration list for PBXProject "Omikuji" */;
			compatibilityVersion = "Xcode 3.2";
			developmentRegion = English;
			hasScannedForEncodings = 0;
			knownRegions = (
				en,
				Base,
			);
			mainGroup = A72EFA4D1F0F67DB0049A92F;
			productRefGroup = A72EFA571F0F67DB0049A92F /* Products */;
			projectDirPath = "";
			projectRoot = "";
			targets = (
				A72EFA551F0F67DB0049A92F /* Omikuji */,
				A72EFA691F0F67DC0049A92F /* OmikujiTests */,
				A72EFA741F0F67DC0049A92F /* OmikujiUITests */,
			);
		};
/* End PBXProject section */

/* Begin PBXResourcesBuildPhase section */
		A72EFA541F0F67DB0049A92F /* Resources */ = {
			isa = PBXResourcesBuildPhase;
			buildActionMask = 2147483647;
			files = (
				CE54E5A81F0F79450096A507 /* README.md in Resources */,
				A72EFA641F0F67DB0049A92F /* LaunchScreen.storyboard in Resources */,
				A72EFA611F0F67DB0049A92F /* Assets.xcassets in Resources */,
				A72EFA5F1F0F67DB0049A92F /* Main.storyboard in Resources */,
			);
			runOnlyForDeploymentPostprocessing = 0;
		};
		A72EFA681F0F67DC0049A92F /* Resources */ = {
			isa = PBXResourcesBuildPhase;
			buildActionMask = 2147483647;
			files = (
			);
			runOnlyForDeploymentPostprocessing = 0;
		};
		A72EFA731F0F67DC0049A92F /* Resources */ = {
			isa = PBXResourcesBuildPhase;
			buildActionMask = 2147483647;
			files = (
			);
			runOnlyForDeploymentPostprocessing = 0;
		};
/* End PBXResourcesBuildPhase section */

/* Begin PBXSourcesBuildPhase section */
		A72EFA521F0F67DB0049A92F /* Sources */ = {
			isa = PBXSourcesBuildPhase;
			buildActionMask = 2147483647;
			files = (
				A72EFA5C1F0F67DB0049A92F /* ViewController.swift in Sources */,
				A72EFA5A1F0F67DB0049A92F /* AppDelegate.swift in Sources */,
			);
			runOnlyForDeploymentPostprocessing = 0;
		};
		A72EFA661F0F67DC0049A92F /* Sources */ = {
			isa = PBXSourcesBuildPhase;
			buildActionMask = 2147483647;
			files = (
				A72EFA6F1F0F67DC0049A92F /* OmikujiTests.swift in Sources */,
			);
			runOnlyForDeploymentPostprocessing = 0;
		};
		A72EFA711F0F67DC0049A92F /* Sources */ = {
			isa = PBXSourcesBuildPhase;
			buildActionMask = 2147483647;
			files = (
				A72EFA7A1F0F67DC0049A92F /* OmikujiUITests.swift in Sources */,
			);
			runOnlyForDeploymentPostprocessing = 0;
		};
/* End PBXSourcesBuildPhase section */

/* Begin PBXTargetDependency section */
		A72EFA6C1F0F67DC0049A92F /* PBXTargetDependency */ = {
			isa = PBXTargetDependency;
			target = A72EFA551F0F67DB0049A92F /* Omikuji */;
			targetProxy = A72EFA6B1F0F67DC0049A92F /* PBXContainerItemProxy */;
		};
		A72EFA771F0F67DC0049A92F /* PBXTargetDependency */ = {
			isa = PBXTargetDependency;
			target = A72EFA551F0F67DB0049A92F /* Omikuji */;
			targetProxy = A72EFA761F0F67DC0049A92F /* PBXContainerItemProxy */;
		};
/* End PBXTargetDependency section */

/* Begin PBXVariantGroup section */
		A72EFA5D1F0F67DB0049A92F /* Main.storyboard */ = {
			isa = PBXVariantGroup;
			children = (
				A72EFA5E1F0F67DB0049A92F /* Base */,
			);
			name = Main.storyboard;
			sourceTree = "<group>";
		};
		A72EFA621F0F67DB0049A92F /* LaunchScreen.storyboard */ = {
			isa = PBXVariantGroup;
			children = (
				A72EFA631F0F67DB0049A92F /* Base */,
			);
			name = LaunchScreen.storyboard;
			sourceTree = "<group>";
		};
/* End PBXVariantGroup section */

/* Begin XCBuildConfiguration section */
		A72EFA7C1F0F67DC0049A92F /* Debug */ = {
			isa = XCBuildConfiguration;
			buildSettings = {
				ALWAYS_SEARCH_USER_PATHS = NO;
				CLANG_ANALYZER_NONNULL = YES;
				CLANG_CXX_LANGUAGE_STANDARD = "gnu++0x";
				CLANG_CXX_LIBRARY = "libc++";
				CLANG_ENABLE_MODULES = YES;
				CLANG_ENABLE_OBJC_ARC = YES;
				CLANG_WARN_BOOL_CONVERSION = YES;
				CLANG_WARN_CONSTANT_CONVERSION = YES;
				CLANG_WARN_DIRECT_OBJC_ISA_USAGE = YES_ERROR;
				CLANG_WARN_DOCUMENTATION_COMMENTS = YES;
				CLANG_WARN_EMPTY_BODY = YES;
				CLANG_WARN_ENUM_CONVERSION = YES;
				CLANG_WARN_INFINITE_RECURSION = YES;
				CLANG_WARN_INT_CONVERSION = YES;
				CLANG_WARN_OBJC_ROOT_CLASS = YES_ERROR;
				CLANG_WARN_SUSPICIOUS_MOVES = YES;
				CLANG_WARN_UNREACHABLE_CODE = YES;
				CLANG_WARN__DUPLICATE_METHOD_MATCH = YES;
				"CODE_SIGN_IDENTITY[sdk=iphoneos*]" = "iPhone Developer";
				COPY_PHASE_STRIP = NO;
				DEBUG_INFORMATION_FORMAT = dwarf;
				ENABLE_STRICT_OBJC_MSGSEND = YES;
				ENABLE_TESTABILITY = YES;
				GCC_C_LANGUAGE_STANDARD = gnu99;
				GCC_DYNAMIC_NO_PIC = NO;
				GCC_NO_COMMON_BLOCKS = YES;
				GCC_OPTIMIZATION_LEVEL = 0;
				GCC_PREPROCESSOR_DEFINITIONS = (
					"DEBUG=1",
					"$(inherited)",
				);
				GCC_WARN_64_TO_32_BIT_CONVERSION = YES;
				GCC_WARN_ABOUT_RETURN_TYPE = YES_ERROR;
				GCC_WARN_UNDECLARED_SELECTOR = YES;
				GCC_WARN_UNINITIALIZED_AUTOS = YES_AGGRESSIVE;
				GCC_WARN_UNUSED_FUNCTION = YES;
				GCC_WARN_UNUSED_VARIABLE = YES;
				IPHONEOS_DEPLOYMENT_TARGET = 10.1;
				MTL_ENABLE_DEBUG_INFO = YES;
				ONLY_ACTIVE_ARCH = YES;
				SDKROOT = iphoneos;
				SWIFT_ACTIVE_COMPILATION_CONDITIONS = DEBUG;
				SWIFT_OPTIMIZATION_LEVEL = "-Onone";
				TARGETED_DEVICE_FAMILY = "1,2";
			};
			name = Debug;
		};
		A72EFA7D1F0F67DC0049A92F /* Release */ = {
			isa = XCBuildConfiguration;
			buildSettings = {
				ALWAYS_SEARCH_USER_PATHS = NO;
				CLANG_ANALYZER_NONNULL = YES;
				CLANG_CXX_LANGUAGE_STANDARD = "gnu++0x";
				CLANG_CXX_LIBRARY = "libc++";
				CLANG_ENABLE_MODULES = YES;
				CLANG_ENABLE_OBJC_ARC = YES;
				CLANG_WARN_BOOL_CONVERSION = YES;
				CLANG_WARN_CONSTANT_CONVERSION = YES;
				CLANG_WARN_DIRECT_OBJC_ISA_USAGE = YES_ERROR;
				CLANG_WARN_DOCUMENTATION_COMMENTS = YES;
				CLANG_WARN_EMPTY_BODY = YES;
				CLANG_WARN_ENUM_CONVERSION = YES;
				CLANG_WARN_INFINITE_RECURSION = YES;
				CLANG_WARN_INT_CONVERSION = YES;
				CLANG_WARN_OBJC_ROOT_CLASS = YES_ERROR;
				CLANG_WARN_SUSPICIOUS_MOVES = YES;
				CLANG_WARN_UNREACHABLE_CODE = YES;
				CLANG_WARN__DUPLICATE_METHOD_MATCH = YES;
				"CODE_SIGN_IDENTITY[sdk=iphoneos*]" = "iPhone Developer";
				COPY_PHASE_STRIP = NO;
				DEBUG_INFORMATION_FORMAT = "dwarf-with-dsym";
				ENABLE_NS_ASSERTIONS = NO;
				ENABLE_STRICT_OBJC_MSGSEND = YES;
				GCC_C_LANGUAGE_STANDARD = gnu99;
				GCC_NO_COMMON_BLOCKS = YES;
				GCC_WARN_64_TO_32_BIT_CONVERSION = YES;
				GCC_WARN_ABOUT_RETURN_TYPE = YES_ERROR;
				GCC_WARN_UNDECLARED_SELECTOR = YES;
				GCC_WARN_UNINITIALIZED_AUTOS = YES_AGGRESSIVE;
				GCC_WARN_UNUSED_FUNCTION = YES;
				GCC_WARN_UNUSED_VARIABLE = YES;
				IPHONEOS_DEPLOYMENT_TARGET = 10.1;
				MTL_ENABLE_DEBUG_INFO = NO;
				SDKROOT = iphoneos;
				SWIFT_OPTIMIZATION_LEVEL = "-Owholemodule";
				TARGETED_DEVICE_FAMILY = "1,2";
				VALIDATE_PRODUCT = YES;
			};
			name = Release;
		};
		A72EFA7F1F0F67DC0049A92F /* Debug */ = {
			isa = XCBuildConfiguration;
			buildSettings = {
				ASSETCATALOG_COMPILER_APPICON_NAME = AppIcon;
				INFOPLIST_FILE = Omikuji/Info.plist;
				LD_RUNPATH_SEARCH_PATHS = "$(inherited) @executable_path/Frameworks";
				PRODUCT_BUNDLE_IDENTIFIER = "com.it-zoo.Omikuji";
				PRODUCT_NAME = "$(TARGET_NAME)";
				SWIFT_VERSION = 3.0;
			};
			name = Debug;
		};
		A72EFA801F0F67DC0049A92F /* Release */ = {
			isa = XCBuildConfiguration;
			buildSettings = {
				ASSETCATALOG_COMPILER_APPICON_NAME = AppIcon;
				INFOPLIST_FILE = Omikuji/Info.plist;
				LD_RUNPATH_SEARCH_PATHS = "$(inherited) @executable_path/Frameworks";
				PRODUCT_BUNDLE_IDENTIFIER = "com.it-zoo.Omikuji";
				PRODUCT_NAME = "$(TARGET_NAME)";
				SWIFT_VERSION = 3.0;
			};
			name = Release;
		};
		A72EFA821F0F67DC0049A92F /* Debug */ = {
			isa = XCBuildConfiguration;
			buildSettings = {
				ALWAYS_EMBED_SWIFT_STANDARD_LIBRARIES = YES;
				BUNDLE_LOADER = "$(TEST_HOST)";
				INFOPLIST_FILE = OmikujiTests/Info.plist;
				LD_RUNPATH_SEARCH_PATHS = "$(inherited) @executable_path/Frameworks @loader_path/Frameworks";
				PRODUCT_BUNDLE_IDENTIFIER = "com.it-zoo.OmikujiTests";
				PRODUCT_NAME = "$(TARGET_NAME)";
				SWIFT_VERSION = 3.0;
				TEST_HOST = "$(BUILT_PRODUCTS_DIR)/Omikuji.app/Omikuji";
			};
			name = Debug;
		};
		A72EFA831F0F67DC0049A92F /* Release */ = {
			isa = XCBuildConfiguration;
			buildSettings = {
				ALWAYS_EMBED_SWIFT_STANDARD_LIBRARIES = YES;
				BUNDLE_LOADER = "$(TEST_HOST)";
				INFOPLIST_FILE = OmikujiTests/Info.plist;
				LD_RUNPATH_SEARCH_PATHS = "$(inherited) @executable_path/Frameworks @loader_path/Frameworks";
				PRODUCT_BUNDLE_IDENTIFIER = "com.it-zoo.OmikujiTests";
				PRODUCT_NAME = "$(TARGET_NAME)";
				SWIFT_VERSION = 3.0;
				TEST_HOST = "$(BUILT_PRODUCTS_DIR)/Omikuji.app/Omikuji";
			};
			name = Release;
		};
		A72EFA851F0F67DC0049A92F /* Debug */ = {
			isa = XCBuildConfiguration;
			buildSettings = {
				ALWAYS_EMBED_SWIFT_STANDARD_LIBRARIES = YES;
				INFOPLIST_FILE = OmikujiUITests/Info.plist;
				LD_RUNPATH_SEARCH_PATHS = "$(inherited) @executable_path/Frameworks @loader_path/Frameworks";
				PRODUCT_BUNDLE_IDENTIFIER = "com.it-zoo.OmikujiUITests";
				PRODUCT_NAME = "$(TARGET_NAME)";
				SWIFT_VERSION = 3.0;
				TEST_TARGET_NAME = Omikuji;
			};
			name = Debug;
		};
		A72EFA861F0F67DC0049A92F /* Release */ = {
			isa = XCBuildConfiguration;
			buildSettings = {
				ALWAYS_EMBED_SWIFT_STANDARD_LIBRARIES = YES;
				INFOPLIST_FILE = OmikujiUITests/Info.plist;
				LD_RUNPATH_SEARCH_PATHS = "$(inherited) @executable_path/Frameworks @loader_path/Frameworks";
				PRODUCT_BUNDLE_IDENTIFIER = "com.it-zoo.OmikujiUITests";
				PRODUCT_NAME = "$(TARGET_NAME)";
				SWIFT_VERSION = 3.0;
				TEST_TARGET_NAME = Omikuji;
			};
			name = Release;
		};
/* End XCBuildConfiguration section */

/* Begin XCConfigurationList section */
		A72EFA511F0F67DB0049A92F /* Build configuration list for PBXProject "Omikuji" */ = {
			isa = XCConfigurationList;
			buildConfigurations = (
				A72EFA7C1F0F67DC0049A92F /* Debug */,
				A72EFA7D1F0F67DC0049A92F /* Release */,
			);
			defaultConfigurationIsVisible = 0;
			defaultConfigurationName = Release;
		};
		A72EFA7E1F0F67DC0049A92F /* Build configuration list for PBXNativeTarget "Omikuji" */ = {
			isa = XCConfigurationList;
			buildConfigurations = (
				A72EFA7F1F0F67DC0049A92F /* Debug */,
				A72EFA801F0F67DC0049A92F /* Release */,
			);
			defaultConfigurationIsVisible = 0;
			defaultConfigurationName = Release;
		};
		A72EFA811F0F67DC0049A92F /* Build configuration list for PBXNativeTarget "OmikujiTests" */ = {
			isa = XCConfigurationList;
			buildConfigurations = (
				A72EFA821F0F67DC0049A92F /* Debug */,
				A72EFA831F0F67DC0049A92F /* Release */,
			);
			defaultConfigurationIsVisible = 0;
			defaultConfigurationName = Release;
		};
		A72EFA841F0F67DC0049A92F /* Build configuration list for PBXNativeTarget "OmikujiUITests" */ = {
			isa = XCConfigurationList;
			buildConfigurations = (
				A72EFA851F0F67DC0049A92F /* Debug */,
				A72EFA861F0F67DC0049A92F /* Release */,
			);
			defaultConfigurationIsVisible = 0;
			defaultConfigurationName = Release;
		};
/* End XCConfigurationList section */
	};
	rootObject = A72EFA4E1F0F67DB0049A92F /* Project object */;
}
